
Microsoft Visual Studio Solution File, Format Version 12.00
# Visual Studio Version 17
VisualStudioVersion = 17.5.002.0
MinimumVisualStudioVersion = 10.0.40219.1
Project("{9A19103F-16F7-4668-BE54-9A1E7A4F7556}") = "DIO.Bank", "DIO.Bank.csproj", "{0AB9FEDB-2B91-4A40-BF91-6E4572295085}"
EndProject
Global
	GlobalSection(SolutionConfigurationPlatforms) = preSolution
		Debug|Any CPU = Debug|Any CPU
		Release|Any CPU = Release|Any CPU
	EndGlobalSection
	GlobalSection(ProjectConfigurationPlatforms) = postSolution
		{0AB9FEDB-2B91-4A40-BF91-6E4572295085}.Debug|Any CPU.ActiveCfg = Debug|Any CPU
		{0AB9FEDB-2B91-4A40-BF91-6E4572295085}.Debug|Any CPU.Build.0 = Debug|Any CPU
		{0AB9FEDB-2B91-4A40-BF91-6E4572295085}.Release|Any CPU.ActiveCfg = Release|Any CPU
		{0AB9FEDB-2B91-4A40-BF91-6E4572295085}.Release|Any CPU.Build.0 = Release|Any CPU
	EndGlobalSection
	GlobalSection(SolutionProperties) = preSolution
		HideSolutionNode = FALSE
	EndGlobalSection
	GlobalSection(ExtensibilityGlobals) = postSolution
		SolutionGuid = {516A1472-D40F-493A-BE23-2A6E69E95BC5}
	EndGlobalSection
EndGlobal
